// !$*UTF8*$!
{
	archiveVersion = 1;
	classes = {
	};
	objectVersion = 46;
	objects = {

/* Begin PBXBuildFile section */
		5408A3021D03EF040009481F /* main.m in Sources */ = {isa = PBXBuildFile; fileRef = 5408A3011D03EF040009481F /* main.m */; };
		5408A3051D03EF040009481F /* AppDelegate.m in Sources */ = {isa = PBXBuildFile; fileRef = 5408A3041D03EF040009481F /* AppDelegate.m */; };
		5408A3081D03EF040009481F /* ViewController.m in Sources */ = {isa = PBXBuildFile; fileRef = 5408A3071D03EF040009481F /* ViewController.m */; };
		5408A30B1D03EF040009481F /* Main.storyboard in Resources */ = {isa = PBXBuildFile; fileRef = 5408A3091D03EF040009481F /* Main.storyboard */; };
		5408A30D1D03EF040009481F /* Assets.xcassets in Resources */ = {isa = PBXBuildFile; fileRef = 5408A30C1D03EF040009481F /* Assets.xcassets */; };
		5408A3101D03EF040009481F /* LaunchScreen.storyboard in Resources */ = {isa = PBXBuildFile; fileRef = 5408A30E1D03EF040009481F /* LaunchScreen.storyboard */; };
/* End PBXBuildFile section */

/* Begin PBXFileReference section */
		5408A2FD1D03EF040009481F /* JSAddToCartAnmation.app */ = {isa = PBXFileReference; explicitFileType = wrapper.application; includeInIndex = 0; path = JSAddToCartAnmation.app; sourceTree = BUILT_PRODUCTS_DIR; };
		5408A3011D03EF040009481F /* main.m */ = {isa = PBXFileReference; lastKnownFileType = sourcecode.c.objc; path = main.m; sourceTree = "<group>"; };
		5408A3031D03EF040009481F /* AppDelegate.h */ = {isa = PBXFileReference; lastKnownFileType = sourcecode.c.h; path = AppDelegate.h; sourceTree = "<group>"; };
		5408A3041D03EF040009481F /* AppDelegate.m */ = {isa = PBXFileReference; lastKnownFileType = sourcecode.c.objc; path = AppDelegate.m; sourceTree = "<group>"; };
		5408A3061D03EF040009481F /* ViewController.h */ = {isa = PBXFileReference; lastKnownFileType = sourcecode.c.h; path = ViewController.h; sourceTree = "<group>"; };
		5408A3071D03EF040009481F /* ViewController.m */ = {isa = PBXFileReference; lastKnownFileType = sourcecode.c.objc; path = ViewController.m; sourceTree = "<group>"; };
		5408A30A1D03EF040009481F /* Base */ = {isa = PBXFileReference; lastKnownFileType = file.storyboard; name = Base; path = Base.lproj/Main.storyboard; sourceTree = "<group>"; };
		5408A30C1D03EF040009481F /* Assets.xcassets */ = {isa = PBXFileReference; lastKnownFileType = folder.assetcatalog; path = Assets.xcassets; sourceTree = "<group>"; };
		5408A30F1D03EF040009481F /* Base */ = {isa = PBXFileReference; lastKnownFileType = file.storyboard; name = Base; path = Base.lproj/LaunchScreen.storyboard; sourceTree = "<group>"; };
		5408A3111D03EF040009481F /* Info.plist */ = {isa = PBXFileReference; lastKnownFileType = text.plist.xml; path = Info.plist; sourceTree = "<group>"; };
/* End PBXFileReference section */

/* Begin PBXFrameworksBuildPhase section */
		5408A2FA1D03EF040009481F /* Frameworks */ = {
			isa = PBXFrameworksBuildPhase;
			buildActionMask = 2147483647;
			files = (
			);
			runOnlyForDeploymentPostprocessing = 0;
		};
/* End PBXFrameworksBuildPhase section */

/* Begin PBXGroup section */
		5408A2F41D03EF040009481F = {
			isa = PBXGroup;
			children = (
				5408A2FF1D03EF040009481F /* JSAddToCartAnmation */,
				5408A2FE1D03EF040009481F /* Products */,
			);
			sourceTree = "<group>";
		};
		5408A2FE1D03EF040009481F /* Products */ = {
			isa = PBXGroup;
			children = (
				5408A2FD1D03EF040009481F /* JSAddToCartAnmation.app */,
			);
			name = Products;
			sourceTree = "<group>";
		};
		5408A2FF1D03EF040009481F /* JSAddToCartAnmation */ = {
			isa = PBXGroup;
			children = (
				5408A3031D03EF040009481F /* AppDelegate.h */,
				5408A3041D03EF040009481F /* AppDelegate.m */,
				5408A3061D03EF040009481F /* ViewController.h */,
				5408A3071D03EF040009481F /* ViewController.m */,
				5408A3091D03EF040009481F /* Main.storyboard */,
				5408A30C1D03EF040009481F /* Assets.xcassets */,
				5408A30E1D03EF040009481F /* LaunchScreen.storyboard */,
				5408A3111D03EF040009481F /* Info.plist */,
				5408A3001D03EF040009481F /* Supporting Files */,
			);
			path = JSAddToCartAnmation;
			sourceTree = "<group>";
		};
		5408A3001D03EF040009481F /* Supporting Files */ = {
			isa = PBXGroup;
			children = (
				5408A3011D03EF040009481F /* main.m */,
			);
			name = "Supporting Files";
			sourceTree = "<group>";
		};
/* End PBXGroup section */

/* Begin PBXNativeTarget section */
		5408A2FC1D03EF040009481F /* JSAddToCartAnmation */ = {
			isa = PBXNativeTarget;
			buildConfigurationList = 5408A3141D03EF040009481F /* Build configuration list for PBXNativeTarget "JSAddToCartAnmation" */;
			buildPhases = (
				5408A2F91D03EF040009481F /* Sources */,
				5408A2FA1D03EF040009481F /* Frameworks */,
				5408A2FB1D03EF040009481F /* Resources */,
			);
			buildRules = (
			);
			dependencies = (
			);
			name = JSAddToCartAnmation;
			productName = JSAddToCartAnmation;
			productReference = 5408A2FD1D03EF040009481F /* JSAddToCartAnmation.app */;
			productType = "com.apple.product-type.application";
		};
/* End PBXNativeTarget section */

/* Begin PBXProject section */
		5408A2F51D03EF040009481F /* Project object */ = {
			isa = PBXProject;
			attributes = {
				LastUpgradeCheck = 0730;
				ORGANIZATIONNAME = "乔同新";
				TargetAttributes = {
					5408A2FC1D03EF040009481F = {
						CreatedOnToolsVersion = 7.3.1;
					};
				};
			};
			buildConfigurationList = 5408A2F81D03EF040009481F /* Build configuration list for PBXProject "JSAddToCartAnmation" */;
			compatibilityVersion = "Xcode 3.2";
			developmentRegion = English;
			hasScannedForEncodings = 0;
			knownRegions = (
				en,
				Base,
			);
			mainGroup = 5408A2F41D03EF040009481F;
			productRefGroup = 5408A2FE1D03EF040009481F /* Products */;
			projectDirPath = "";
			projectRoot = "";
			targets = (
				5408A2FC1D03EF040009481F /* JSAddToCartAnmation */,
			);
		};
/* End PBXProject section */

/* Begin PBXResourcesBuildPhase section */
		5408A2FB1D03EF040009481F /* Resources */ = {
			isa = PBXResourcesBuildPhase;
			buildActionMask = 2147483647;
			files = (
				5408A3101D03EF040009481F /* LaunchScreen.storyboard in Resources */,
				5408A30D1D03EF040009481F /* Assets.xcassets in Resources */,
				5408A30B1D03EF040009481F /* Main.storyboard in Resources */,
			);
			runOnlyForDeploymentPostprocessing = 0;
		};
/* End PBXResourcesBuildPhase section */

/* Begin PBXSourcesBuildPhase section */
		5408A2F91D03EF040009481F /* Sources */ = {
			isa = PBXSourcesBuildPhase;
			buildActionMask = 2147483647;
			files = (
				5408A3081D03EF040009481F /* ViewController.m in Sources */,
				5408A3051D03EF040009481F /* AppDelegate.m in Sources */,
				5408A3021D03EF040009481F /* main.m in Sources */,
			);
			runOnlyForDeploymentPostprocessing = 0;
		};
/* End PBXSourcesBuildPhase section */

/* Begin PBXVariantGroup section */
		5408A3091D03EF040009481F /* Main.storyboard */ = {
			isa = PBXVariantGroup;
			children = (
				5408A30A1D03EF040009481F /* Base */,
			);
			name = Main.storyboard;
			sourceTree = "<group>";
		};
		5408A30E1D03EF040009481F /* LaunchScreen.storyboard */ = {
			isa = PBXVariantGroup;
			children = (
				5408A30F1D03EF040009481F /* Base */,
			);
			name = LaunchScreen.storyboard;
			sourceTree = "<group>";
		};
/* End PBXVariantGroup section */

/* Begin XCBuildConfiguration section */
		5408A3121D03EF040009481F /* Debug */ = {
			isa = XCBuildConfiguration;
			buildSettings = {
				ALWAYS_SEARCH_USER_PATHS = NO;
				CLANG_ANALYZER_NONNULL = YES;
				CLANG_CXX_LANGUAGE_STANDARD = "gnu++0x";
				CLANG_CXX_LIBRARY = "libc++";
				CLANG_ENABLE_MODULES = YES;
				CLANG_ENABLE_OBJC_ARC = YES;
				CLANG_WARN_BOOL_CONVERSION = YES;
				CLANG_WARN_CONSTANT_CONVERSION = YES;
				CLANG_WARN_DIRECT_OBJC_ISA_USAGE = YES_ERROR;
				CLANG_WARN_EMPTY_BODY = YES;
				CLANG_WARN_ENUM_CONVERSION = YES;
				CLANG_WARN_INT_CONVERSION = YES;
				CLANG_WARN_OBJC_ROOT_CLASS = YES_ERROR;
				CLANG_WARN_UNREACHABLE_CODE = YES;
				CLANG_WARN__DUPLICATE_METHOD_MATCH = YES;
				"CODE_SIGN_IDENTITY[sdk=iphoneos*]" = "iPhone Developer";
				COPY_PHASE_STRIP = NO;
				DEBUG_INFORMATION_FORMAT = dwarf;
				ENABLE_STRICT_OBJC_MSGSEND = YES;
				ENABLE_TESTABILITY = YES;
				GCC_C_LANGUAGE_STANDARD = gnu99;
				GCC_DYNAMIC_NO_PIC = NO;
				GCC_NO_COMMON_BLOCKS = YES;
				GCC_OPTIMIZATION_LEVEL = 0;
				GCC_PREPROCESSOR_DEFINITIONS = (
					"DEBUG=1",
					"$(inherited)",
				);
				GCC_WARN_64_TO_32_BIT_CONVERSION = YES;
				GCC_WARN_ABOUT_RETURN_TYPE = YES_ERROR;
				GCC_WARN_UNDECLARED_SELECTOR = YES;
				GCC_WARN_UNINITIALIZED_AUTOS = YES_AGGRESSIVE;
				GCC_WARN_UNUSED_FUNCTION = YES;
				GCC_WARN_UNUSED_VARIABLE = YES;
				IPHONEOS_DEPLOYMENT_TARGET = 9.3;
				MTL_ENABLE_DEBUG_INFO = YES;
				ONLY_ACTIVE_ARCH = YES;
				SDKROOT = iphoneos;
			};
			name = Debug;
		};
		5408A3131D03EF040009481F /* Release */ = {
			isa = XCBuildConfiguration;
			buildSettings = {
				ALWAYS_SEARCH_USER_PATHS = NO;
				CLANG_ANALYZER_NONNULL = YES;
				CLANG_CXX_LANGUAGE_STANDARD = "gnu++0x";
				CLANG_CXX_LIBRARY = "libc++";
				CLANG_ENABLE_MODULES = YES;
				CLANG_ENABLE_OBJC_ARC = YES;
				CLANG_WARN_BOOL_CONVERSION = YES;
				CLANG_WARN_CONSTANT_CONVERSION = YES;
				CLANG_WARN_DIRECT_OBJC_ISA_USAGE = YES_ERROR;
				CLANG_WARN_EMPTY_BODY = YES;
				CLANG_WARN_ENUM_CONVERSION = YES;
				CLANG_WARN_INT_CONVERSION = YES;
				CLANG_WARN_OBJC_ROOT_CLASS = YES_ERROR;
				CLANG_WARN_UNREACHABLE_CODE = YES;
				CLANG_WARN__DUPLICATE_METHOD_MATCH = YES;
				"CODE_SIGN_IDENTITY[sdk=iphoneos*]" = "iPhone Developer";
				COPY_PHASE_STRIP = NO;
				DEBUG_INFORMATION_FORMAT = "dwarf-with-dsym";
				ENABLE_NS_ASSERTIONS = NO;
				ENABLE_STRICT_OBJC_MSGSEND = YES;
				GCC_C_LANGUAGE_STANDARD = gnu99;
				GCC_NO_COMMON_BLOCKS = YES;
				GCC_WARN_64_TO_32_BIT_CONVERSION = YES;
				GCC_WARN_ABOUT_RETURN_TYPE = YES_ERROR;
				GCC_WARN_UNDECLARED_SELECTOR = YES;
				GCC_WARN_UNINITIALIZED_AUTOS = YES_AGGRESSIVE;
				GCC_WARN_UNUSED_FUNCTION = YES;
				GCC_WARN_UNUSED_VARIABLE = YES;
				IPHONEOS_DEPLOYMENT_TARGET = 9.3;
				MTL_ENABLE_DEBUG_INFO = NO;
				SDKROOT = iphoneos;
				VALIDATE_PRODUCT = YES;
			};
			name = Release;
		};
		5408A3151D03EF040009481F /* Debug */ = {
			isa = XCBuildConfiguration;
			buildSettings = {
				ASSETCATALOG_COMPILER_APPICON_NAME = AppIcon;
				INFOPLIST_FILE = JSAddToCartAnmation/Info.plist;
				LD_RUNPATH_SEARCH_PATHS = "$(inherited) @executable_path/Frameworks";
				PRODUCT_BUNDLE_IDENTIFIER = com.jyd.JSAddToCartAnmation;
				PRODUCT_NAME = "$(TARGET_NAME)";
			};
			name = Debug;
		};
		5408A3161D03EF040009481F /* Release */ = {
			isa = XCBuildConfiguration;
			buildSettings = {
				ASSETCATALOG_COMPILER_APPICON_NAME = AppIcon;
				INFOPLIST_FILE = JSAddToCartAnmation/Info.plist;
				LD_RUNPATH_SEARCH_PATHS = "$(inherited) @executable_path/Frameworks";
				PRODUCT_BUNDLE_IDENTIFIER = com.jyd.JSAddToCartAnmation;
				PRODUCT_NAME = "$(TARGET_NAME)";
			};
			name = Release;
		};
/* End XCBuildConfiguration section */

/* Begin XCConfigurationList section */
		5408A2F81D03EF040009481F /* Build configuration list for PBXProject "JSAddToCartAnmation" */ = {
			isa = XCConfigurationList;
			buildConfigurations = (
				5408A3121D03EF040009481F /* Debug */,
				5408A3131D03EF040009481F /* Release */,
			);
			defaultConfigurationIsVisible = 0;
			defaultConfigurationName = Release;
		};
		5408A3141D03EF040009481F /* Build configuration list for PBXNativeTarget "JSAddToCartAnmation" */ = {
			isa = XCConfigurationList;
			buildConfigurations = (
				5408A3151D03EF040009481F /* Debug */,
				5408A3161D03EF040009481F /* Release */,
			);
			defaultConfigurationIsVisible = 0;
		};
/* End XCConfigurationList section */
	};
	rootObject = 5408A2F51D03EF040009481F /* Project object */;
}
